// !$*UTF8*$!
{
	archiveVersion = 1;
	classes = {
	};
	objectVersion = 56;
	objects = {

/* Begin PBXBuildFile section */
		375B5655E78B6CE2C7C87470 /* Pods_toy.framework in Frameworks */ = {isa = PBXBuildFile; fileRef = 6278342F0ACF07F91835301A /* Pods_toy.framework */; };
		8D57E8C62B14F74300CC590B /* toyApp.swift in Sources */ = {isa = PBXBuildFile; fileRef = 8D57E8C52B14F74300CC590B /* toyApp.swift */; };
		8D57E8C82B14F74300CC590B /* ContentView.swift in Sources */ = {isa = PBXBuildFile; fileRef = 8D57E8C72B14F74300CC590B /* ContentView.swift */; };
		8D57E8CA2B14F74400CC590B /* Assets.xcassets in Resources */ = {isa = PBXBuildFile; fileRef = 8D57E8C92B14F74400CC590B /* Assets.xcassets */; };
		8D57E8CD2B14F74400CC590B /* Preview Assets.xcassets in Resources */ = {isa = PBXBuildFile; fileRef = 8D57E8CC2B14F74400CC590B /* Preview Assets.xcassets */; };
		8D57E8D42B14F7DB00CC590B /* ViewModel.swift in Sources */ = {isa = PBXBuildFile; fileRef = 8D57E8D32B14F7DB00CC590B /* ViewModel.swift */; };
		8D57E8D82B14F82700CC590B /* overlayView.swift in Sources */ = {isa = PBXBuildFile; fileRef = 8D57E8D72B14F82700CC590B /* overlayView.swift */; };
		8D57E8DA2B14F83E00CC590B /* DragView.swift in Sources */ = {isa = PBXBuildFile; fileRef = 8D57E8D92B14F83E00CC590B /* DragView.swift */; };
/* End PBXBuildFile section */

/* Begin PBXFileReference section */
		08A921779DB3794393A8F639 /* Pods-toy.debug.xcconfig */ = {isa = PBXFileReference; includeInIndex = 1; lastKnownFileType = text.xcconfig; name = "Pods-toy.debug.xcconfig"; path = "Target Support Files/Pods-toy/Pods-toy.debug.xcconfig"; sourceTree = "<group>"; };
		35547443B473992BC93582A0 /* Pods-toy.release.xcconfig */ = {isa = PBXFileReference; includeInIndex = 1; lastKnownFileType = text.xcconfig; name = "Pods-toy.release.xcconfig"; path = "Target Support Files/Pods-toy/Pods-toy.release.xcconfig"; sourceTree = "<group>"; };
		6278342F0ACF07F91835301A /* Pods_toy.framework */ = {isa = PBXFileReference; explicitFileType = wrapper.framework; includeInIndex = 0; path = Pods_toy.framework; sourceTree = BUILT_PRODUCTS_DIR; };
		8D57E8C22B14F74300CC590B /* toy.app */ = {isa = PBXFileReference; explicitFileType = wrapper.application; includeInIndex = 0; path = toy.app; sourceTree = BUILT_PRODUCTS_DIR; };
		8D57E8C52B14F74300CC590B /* toyApp.swift */ = {isa = PBXFileReference; lastKnownFileType = sourcecode.swift; path = toyApp.swift; sourceTree = "<group>"; };
		8D57E8C72B14F74300CC590B /* ContentView.swift */ = {isa = PBXFileReference; lastKnownFileType = sourcecode.swift; path = ContentView.swift; sourceTree = "<group>"; };
		8D57E8C92B14F74400CC590B /* Assets.xcassets */ = {isa = PBXFileReference; lastKnownFileType = folder.assetcatalog; path = Assets.xcassets; sourceTree = "<group>"; };
		8D57E8CC2B14F74400CC590B /* Preview Assets.xcassets */ = {isa = PBXFileReference; lastKnownFileType = folder.assetcatalog; path = "Preview Assets.xcassets"; sourceTree = "<group>"; };
		8D57E8D32B14F7DB00CC590B /* ViewModel.swift */ = {isa = PBXFileReference; lastKnownFileType = sourcecode.swift; path = ViewModel.swift; sourceTree = "<group>"; };
		8D57E8D72B14F82700CC590B /* overlayView.swift */ = {isa = PBXFileReference; lastKnownFileType = sourcecode.swift; path = overlayView.swift; sourceTree = "<group>"; };
		8D57E8D92B14F83E00CC590B /* DragView.swift */ = {isa = PBXFileReference; lastKnownFileType = sourcecode.swift; path = DragView.swift; sourceTree = "<group>"; };
		8D90E70D2B154DBE00F08D52 /* MyPlayground.playground */ = {isa = PBXFileReference; lastKnownFileType = file.playground; path = MyPlayground.playground; sourceTree = "<group>"; xcLanguageSpecificationIdentifier = xcode.lang.swift; };
/* End PBXFileReference section */

/* Begin PBXFrameworksBuildPhase section */
		8D57E8BF2B14F74300CC590B /* Frameworks */ = {
			isa = PBXFrameworksBuildPhase;
			buildActionMask = 2147483647;
			files = (
				375B5655E78B6CE2C7C87470 /* Pods_toy.framework in Frameworks */,
			);
			runOnlyForDeploymentPostprocessing = 0;
		};
/* End PBXFrameworksBuildPhase section */

/* Begin PBXGroup section */
		8D57E8B92B14F74300CC590B = {
			isa = PBXGroup;
			children = (
				8D57E8C42B14F74300CC590B /* toy */,
				8D57E8C32B14F74300CC590B /* Products */,
				A9268202A8C68E323D74DC47 /* Pods */,
				BFFE407DC075D6080DDFD547 /* Frameworks */,
			);
			sourceTree = "<group>";
		};
		8D57E8C32B14F74300CC590B /* Products */ = {
			isa = PBXGroup;
			children = (
				8D57E8C22B14F74300CC590B /* toy.app */,
			);
			name = Products;
			sourceTree = "<group>";
		};
		8D57E8C42B14F74300CC590B /* toy */ = {
			isa = PBXGroup;
			children = (
				8D57E8C52B14F74300CC590B /* toyApp.swift */,
				8D57E8C72B14F74300CC590B /* ContentView.swift */,
				8D57E8C92B14F74400CC590B /* Assets.xcassets */,
				8D57E8CB2B14F74400CC590B /* Preview Content */,
				8D57E8D32B14F7DB00CC590B /* ViewModel.swift */,
				8D57E8D72B14F82700CC590B /* overlayView.swift */,
				8D57E8D92B14F83E00CC590B /* DragView.swift */,
				8D90E70D2B154DBE00F08D52 /* MyPlayground.playground */,
			);
			path = toy;
			sourceTree = "<group>";
		};
		8D57E8CB2B14F74400CC590B /* Preview Content */ = {
			isa = PBXGroup;
			children = (
				8D57E8CC2B14F74400CC590B /* Preview Assets.xcassets */,
			);
			path = "Preview Content";
			sourceTree = "<group>";
		};
		A9268202A8C68E323D74DC47 /* Pods */ = {
			isa = PBXGroup;
			children = (
				08A921779DB3794393A8F639 /* Pods-toy.debug.xcconfig */,
				35547443B473992BC93582A0 /* Pods-toy.release.xcconfig */,
			);
			path = Pods;
			sourceTree = "<group>";
		};
		BFFE407DC075D6080DDFD547 /* Frameworks */ = {
			isa = PBXGroup;
			children = (
				6278342F0ACF07F91835301A /* Pods_toy.framework */,
			);
			name = Frameworks;
			sourceTree = "<group>";
		};
/* End PBXGroup section */

/* Begin PBXNativeTarget section */
		8D57E8C12B14F74300CC590B /* toy */ = {
			isa = PBXNativeTarget;
			buildConfigurationList = 8D57E8D02B14F74400CC590B /* Build configuration list for PBXNativeTarget "toy" */;
			buildPhases = (
				88241B2C1D120FFAE2E2BA08 /* [CP] Check Pods Manifest.lock */,
				8D57E8BE2B14F74300CC590B /* Sources */,
				8D57E8BF2B14F74300CC590B /* Frameworks */,
				8D57E8C02B14F74300CC590B /* Resources */,
				C0B74E8DCBAD31131DA18814 /* [CP] Embed Pods Frameworks */,
			);
			buildRules = (
			);
			dependencies = (
			);
			name = toy;
			productName = toy;
			productReference = 8D57E8C22B14F74300CC590B /* toy.app */;
			productType = "com.apple.product-type.application";
		};
/* End PBXNativeTarget section */

/* Begin PBXProject section */
		8D57E8BA2B14F74300CC590B /* Project object */ = {
			isa = PBXProject;
			attributes = {
				BuildIndependentTargetsInParallel = 1;
				LastSwiftUpdateCheck = 1500;
				LastUpgradeCheck = 1500;
				TargetAttributes = {
					8D57E8C12B14F74300CC590B = {
						CreatedOnToolsVersion = 15.0.1;
					};
				};
			};
			buildConfigurationList = 8D57E8BD2B14F74300CC590B /* Build configuration list for PBXProject "toy" */;
			compatibilityVersion = "Xcode 14.0";
			developmentRegion = en;
			hasScannedForEncodings = 0;
			knownRegions = (
				en,
				Base,
			);
			mainGroup = 8D57E8B92B14F74300CC590B;
			productRefGroup = 8D57E8C32B14F74300CC590B /* Products */;
			projectDirPath = "";
			projectRoot = "";
			targets = (
				8D57E8C12B14F74300CC590B /* toy */,
			);
		};
/* End PBXProject section */

/* Begin PBXResourcesBuildPhase section */
		8D57E8C02B14F74300CC590B /* Resources */ = {
			isa = PBXResourcesBuildPhase;
			buildActionMask = 2147483647;
			files = (
				8D57E8CD2B14F74400CC590B /* Preview Assets.xcassets in Resources */,
				8D57E8CA2B14F74400CC590B /* Assets.xcassets in Resources */,
			);
			runOnlyForDeploymentPostprocessing = 0;
		};
/* End PBXResourcesBuildPhase section */

/* Begin PBXShellScriptBuildPhase section */
		88241B2C1D120FFAE2E2BA08 /* [CP] Check Pods Manifest.lock */ = {
			isa = PBXShellScriptBuildPhase;
			buildActionMask = 2147483647;
			files = (
			);
			inputFileListPaths = (
			);
			inputPaths = (
				"${PODS_PODFILE_DIR_PATH}/Podfile.lock",
				"${PODS_ROOT}/Manifest.lock",
			);
			name = "[CP] Check Pods Manifest.lock";
			outputFileListPaths = (
			);
			outputPaths = (
				"$(DERIVED_FILE_DIR)/Pods-toy-checkManifestLockResult.txt",
			);
			runOnlyForDeploymentPostprocessing = 0;
			shellPath = /bin/sh;
			shellScript = "diff \"${PODS_PODFILE_DIR_PATH}/Podfile.lock\" \"${PODS_ROOT}/Manifest.lock\" > /dev/null\nif [ $? != 0 ] ; then\n    # print error to STDERR\n    echo \"error: The sandbox is not in sync with the Podfile.lock. Run 'pod install' or update your CocoaPods installation.\" >&2\n    exit 1\nfi\n# This output is used by Xcode 'outputs' to avoid re-running this script phase.\necho \"SUCCESS\" > \"${SCRIPT_OUTPUT_FILE_0}\"\n";
			showEnvVarsInLog = 0;
		};
		C0B74E8DCBAD31131DA18814 /* [CP] Embed Pods Frameworks */ = {
			isa = PBXShellScriptBuildPhase;
			buildActionMask = 2147483647;
			files = (
			);
			inputFileListPaths = (
				"${PODS_ROOT}/Target Support Files/Pods-toy/Pods-toy-frameworks-${CONFIGURATION}-input-files.xcfilelist",
			);
			name = "[CP] Embed Pods Frameworks";
			outputFileListPaths = (
				"${PODS_ROOT}/Target Support Files/Pods-toy/Pods-toy-frameworks-${CONFIGURATION}-output-files.xcfilelist",
			);
			runOnlyForDeploymentPostprocessing = 0;
			shellPath = /bin/sh;
			shellScript = "\"${PODS_ROOT}/Target Support Files/Pods-toy/Pods-toy-frameworks.sh\"\n";
			showEnvVarsInLog = 0;
		};
/* End PBXShellScriptBuildPhase section */

/* Begin PBXSourcesBuildPhase section */
		8D57E8BE2B14F74300CC590B /* Sources */ = {
			isa = PBXSourcesBuildPhase;
			buildActionMask = 2147483647;
			files = (
				8D57E8D42B14F7DB00CC590B /* ViewModel.swift in Sources */,
				8D57E8D82B14F82700CC590B /* overlayView.swift in Sources */,
				8D57E8C82B14F74300CC590B /* ContentView.swift in Sources */,
				8D57E8C62B14F74300CC590B /* toyApp.swift in Sources */,
				8D57E8DA2B14F83E00CC590B /* DragView.swift in Sources */,
			);
			runOnlyForDeploymentPostprocessing = 0;
		};
/* End PBXSourcesBuildPhase section */

/* Begin XCBuildConfiguration section */
		8D57E8CE2B14F74400CC590B /* Debug */ = {
			isa = XCBuildConfiguration;
			buildSettings = {
				ALWAYS_SEARCH_USER_PATHS = NO;
				ASSETCATALOG_COMPILER_GENERATE_SWIFT_ASSET_SYMBOL_EXTENSIONS = YES;
				CLANG_ANALYZER_NONNULL = YES;
				CLANG_ANALYZER_NUMBER_OBJECT_CONVERSION = YES_AGGRESSIVE;
				CLANG_CXX_LANGUAGE_STANDARD = "gnu++20";
				CLANG_ENABLE_MODULES = YES;
				CLANG_ENABLE_OBJC_ARC = YES;
				CLANG_ENABLE_OBJC_WEAK = YES;
				CLANG_WARN_BLOCK_CAPTURE_AUTORELEASING = YES;
				CLANG_WARN_BOOL_CONVERSION = YES;
				CLANG_WARN_COMMA = YES;
				CLANG_WARN_CONSTANT_CONVERSION = YES;
				CLANG_WARN_DEPRECATED_OBJC_IMPLEMENTATIONS = YES;
				CLANG_WARN_DIRECT_OBJC_ISA_USAGE = YES_ERROR;
				CLANG_WARN_DOCUMENTATION_COMMENTS = YES;
				CLANG_WARN_EMPTY_BODY = YES;
				CLANG_WARN_ENUM_CONVERSION = YES;
				CLANG_WARN_INFINITE_RECURSION = YES;
				CLANG_WARN_INT_CONVERSION = YES;
				CLANG_WARN_NON_LITERAL_NULL_CONVERSION = YES;
				CLANG_WARN_OBJC_IMPLICIT_RETAIN_SELF = YES;
				CLANG_WARN_OBJC_LITERAL_CONVERSION = YES;
				CLANG_WARN_OBJC_ROOT_CLASS = YES_ERROR;
				CLANG_WARN_QUOTED_INCLUDE_IN_FRAMEWORK_HEADER = YES;
				CLANG_WARN_RANGE_LOOP_ANALYSIS = YES;
				CLANG_WARN_STRICT_PROTOTYPES = YES;
				CLANG_WARN_SUSPICIOUS_MOVE = YES;
				CLANG_WARN_UNGUARDED_AVAILABILITY = YES_AGGRESSIVE;
				CLANG_WARN_UNREACHABLE_CODE = YES;
				CLANG_WARN__DUPLICATE_METHOD_MATCH = YES;
				COPY_PHASE_STRIP = NO;
				DEBUG_INFORMATION_FORMAT = dwarf;
				ENABLE_STRICT_OBJC_MSGSEND = YES;
				ENABLE_TESTABILITY = YES;
				ENABLE_USER_SCRIPT_SANDBOXING = YES;
				GCC_C_LANGUAGE_STANDARD = gnu17;
				GCC_DYNAMIC_NO_PIC = NO;
				GCC_NO_COMMON_BLOCKS = YES;
				GCC_OPTIMIZATION_LEVEL = 0;
				GCC_PREPROCESSOR_DEFINITIONS = (
					"DEBUG=1",
					"$(inherited)",
				);
				GCC_WARN_64_TO_32_BIT_CONVERSION = YES;
				GCC_WARN_ABOUT_RETURN_TYPE = YES_ERROR;
				GCC_WARN_UNDECLARED_SELECTOR = YES;
				GCC_WARN_UNINITIALIZED_AUTOS = YES_AGGRESSIVE;
				GCC_WARN_UNUSED_FUNCTION = YES;
				GCC_WARN_UNUSED_VARIABLE = YES;
				IPHONEOS_DEPLOYMENT_TARGET = 17.0;
				LOCALIZATION_PREFERS_STRING_CATALOGS = YES;
				MTL_ENABLE_DEBUG_INFO = INCLUDE_SOURCE;
				MTL_FAST_MATH = YES;
				ONLY_ACTIVE_ARCH = YES;
				SDKROOT = iphoneos;
				SWIFT_ACTIVE_COMPILATION_CONDITIONS = "DEBUG $(inherited)";
				SWIFT_OPTIMIZATION_LEVEL = "-Onone";
			};
			name = Debug;
		};
		8D57E8CF2B14F74400CC590B /* Release */ = {
			isa = XCBuildConfiguration;
			buildSettings = {
				ALWAYS_SEARCH_USER_PATHS = NO;
				ASSETCATALOG_COMPILER_GENERATE_SWIFT_ASSET_SYMBOL_EXTENSIONS = YES;
				CLANG_ANALYZER_NONNULL = YES;
				CLANG_ANALYZER_NUMBER_OBJECT_CONVERSION = YES_AGGRESSIVE;
				CLANG_CXX_LANGUAGE_STANDARD = "gnu++20";
				CLANG_ENABLE_MODULES = YES;
				CLANG_ENABLE_OBJC_ARC = YES;
				CLANG_ENABLE_OBJC_WEAK = YES;
				CLANG_WARN_BLOCK_CAPTURE_AUTORELEASING = YES;
				CLANG_WARN_BOOL_CONVERSION = YES;
				CLANG_WARN_COMMA = YES;
				CLANG_WARN_CONSTANT_CONVERSION = YES;
				CLANG_WARN_DEPRECATED_OBJC_IMPLEMENTATIONS = YES;
				CLANG_WARN_DIRECT_OBJC_ISA_USAGE = YES_ERROR;
				CLANG_WARN_DOCUMENTATION_COMMENTS = YES;
				CLANG_WARN_EMPTY_BODY = YES;
				CLANG_WARN_ENUM_CONVERSION = YES;
				CLANG_WARN_INFINITE_RECURSION = YES;
				CLANG_WARN_INT_CONVERSION = YES;
				CLANG_WARN_NON_LITERAL_NULL_CONVERSION = YES;
				CLANG_WARN_OBJC_IMPLICIT_RETAIN_SELF = YES;
				CLANG_WARN_OBJC_LITERAL_CONVERSION = YES;
				CLANG_WARN_OBJC_ROOT_CLASS = YES_ERROR;
				CLANG_WARN_QUOTED_INCLUDE_IN_FRAMEWORK_HEADER = YES;
				CLANG_WARN_RANGE_LOOP_ANALYSIS = YES;
				CLANG_WARN_STRICT_PROTOTYPES = YES;
				CLANG_WARN_SUSPICIOUS_MOVE = YES;
				CLANG_WARN_UNGUARDED_AVAILABILITY = YES_AGGRESSIVE;
				CLANG_WARN_UNREACHABLE_CODE = YES;
				CLANG_WARN__DUPLICATE_METHOD_MATCH = YES;
				COPY_PHASE_STRIP = NO;
				DEBUG_INFORMATION_FORMAT = "dwarf-with-dsym";
				ENABLE_NS_ASSERTIONS = NO;
				ENABLE_STRICT_OBJC_MSGSEND = YES;
				ENABLE_USER_SCRIPT_SANDBOXING = YES;
				GCC_C_LANGUAGE_STANDARD = gnu17;
				GCC_NO_COMMON_BLOCKS = YES;
				GCC_WARN_64_TO_32_BIT_CONVERSION = YES;
				GCC_WARN_ABOUT_RETURN_TYPE = YES_ERROR;
				GCC_WARN_UNDECLARED_SELECTOR = YES;
				GCC_WARN_UNINITIALIZED_AUTOS = YES_AGGRESSIVE;
				GCC_WARN_UNUSED_FUNCTION = YES;
				GCC_WARN_UNUSED_VARIABLE = YES;
				IPHONEOS_DEPLOYMENT_TARGET = 17.0;
				LOCALIZATION_PREFERS_STRING_CATALOGS = YES;
				MTL_ENABLE_DEBUG_INFO = NO;
				MTL_FAST_MATH = YES;
				SDKROOT = iphoneos;
				SWIFT_COMPILATION_MODE = wholemodule;
				VALIDATE_PRODUCT = YES;
			};
			name = Release;
		};
		8D57E8D12B14F74400CC590B /* Debug */ = {
			isa = XCBuildConfiguration;
			baseConfigurationReference = 08A921779DB3794393A8F639 /* Pods-toy.debug.xcconfig */;
			buildSettings = {
				ASSETCATALOG_COMPILER_APPICON_NAME = AppIcon;
				ASSETCATALOG_COMPILER_GLOBAL_ACCENT_COLOR_NAME = AccentColor;
				CODE_SIGN_STYLE = Automatic;
				CURRENT_PROJECT_VERSION = 1;
				DEVELOPMENT_ASSET_PATHS = "\"toy/Preview Content\"";
				DEVELOPMENT_TEAM = MFFBJX3ZHX;
				ENABLE_PREVIEWS = YES;
				ENABLE_USER_SCRIPT_SANDBOXING = NO;
				GENERATE_INFOPLIST_FILE = YES;
				INFOPLIST_KEY_UIApplicationSceneManifest_Generation = YES;
				INFOPLIST_KEY_UIApplicationSupportsIndirectInputEvents = YES;
				INFOPLIST_KEY_UILaunchScreen_Generation = YES;
				INFOPLIST_KEY_UISupportedInterfaceOrientations_iPad = "UIInterfaceOrientationPortrait UIInterfaceOrientationPortraitUpsideDown UIInterfaceOrientationLandscapeLeft UIInterfaceOrientationLandscapeRight";
				INFOPLIST_KEY_UISupportedInterfaceOrientations_iPhone = "UIInterfaceOrientationPortrait UIInterfaceOrientationLandscapeLeft UIInterfaceOrientationLandscapeRight";
				LD_RUNPATH_SEARCH_PATHS = (
					"$(inherited)",
					"@executable_path/Frameworks",
				);
				MARKETING_VERSION = 1.0;
				PRODUCT_BUNDLE_IDENTIFIER = com.67443.lucy.toy;
				PRODUCT_NAME = "$(TARGET_NAME)";
				SWIFT_EMIT_LOC_STRINGS = YES;
				SWIFT_VERSION = 5.0;
				TARGETED_DEVICE_FAMILY = "1,2";
			};
			name = Debug;
		};
		8D57E8D22B14F74400CC590B /* Release */ = {
			isa = XCBuildConfiguration;
			baseConfigurationReference = 35547443B473992BC93582A0 /* Pods-toy.release.xcconfig */;
			buildSettings = {
				ASSETCATALOG_COMPILER_APPICON_NAME = AppIcon;
				ASSETCATALOG_COMPILER_GLOBAL_ACCENT_COLOR_NAME = AccentColor;
				CODE_SIGN_STYLE = Automatic;
				CURRENT_PROJECT_VERSION = 1;
				DEVELOPMENT_ASSET_PATHS = "\"toy/Preview Content\"";
				DEVELOPMENT_TEAM = MFFBJX3ZHX;
				ENABLE_PREVIEWS = YES;
				ENABLE_USER_SCRIPT_SANDBOXING = NO;
				GENERATE_INFOPLIST_FILE = YES;
				INFOPLIST_KEY_UIApplicationSceneManifest_Generation = YES;
				INFOPLIST_KEY_UIApplicationSupportsIndirectInputEvents = YES;
				INFOPLIST_KEY_UILaunchScreen_Generation = YES;
				INFOPLIST_KEY_UISupportedInterfaceOrientations_iPad = "UIInterfaceOrientationPortrait UIInterfaceOrientationPortraitUpsideDown UIInterfaceOrientationLandscapeLeft UIInterfaceOrientationLandscapeRight";
				INFOPLIST_KEY_UISupportedInterfaceOrientations_iPhone = "UIInterfaceOrientationPortrait UIInterfaceOrientationLandscapeLeft UIInterfaceOrientationLandscapeRight";
				LD_RUNPATH_SEARCH_PATHS = (
					"$(inherited)",
					"@executable_path/Frameworks",
				);
				MARKETING_VERSION = 1.0;
				PRODUCT_BUNDLE_IDENTIFIER = com.67443.lucy.toy;
				PRODUCT_NAME = "$(TARGET_NAME)";
				SWIFT_EMIT_LOC_STRINGS = YES;
				SWIFT_VERSION = 5.0;
				TARGETED_DEVICE_FAMILY = "1,2";
			};
			name = Release;
		};
/* End XCBuildConfiguration section */

/* Begin XCConfigurationList section */
		8D57E8BD2B14F74300CC590B /* Build configuration list for PBXProject "toy" */ = {
			isa = XCConfigurationList;
			buildConfigurations = (
				8D57E8CE2B14F74400CC590B /* Debug */,
				8D57E8CF2B14F74400CC590B /* Release */,
			);
			defaultConfigurationIsVisible = 0;
			defaultConfigurationName = Release;
		};
		8D57E8D02B14F74400CC590B /* Build configuration list for PBXNativeTarget "toy" */ = {
			isa = XCConfigurationList;
			buildConfigurations = (
				8D57E8D12B14F74400CC590B /* Debug */,
				8D57E8D22B14F74400CC590B /* Release */,
			);
			defaultConfigurationIsVisible = 0;
			defaultConfigurationName = Release;
		};
/* End XCConfigurationList section */
	};
	rootObject = 8D57E8BA2B14F74300CC590B /* Project object */;
}
